// !$*UTF8*$!
{
	archiveVersion = 1;
	classes = {
	};
	objectVersion = 46;
	objects = {

/* Begin PBXBuildFile section */
		A581C37F18E60CCA002A9862 /* Foundation.framework in Frameworks */ = {isa = PBXBuildFile; fileRef = A581C37E18E60CCA002A9862 /* Foundation.framework */; };
		A581C38118E60CCA002A9862 /* CoreGraphics.framework in Frameworks */ = {isa = PBXBuildFile; fileRef = A581C38018E60CCA002A9862 /* CoreGraphics.framework */; };
		A581C38318E60CCA002A9862 /* UIKit.framework in Frameworks */ = {isa = PBXBuildFile; fileRef = A581C38218E60CCA002A9862 /* UIKit.framework */; };
		A581C38918E60CCA002A9862 /* InfoPlist.strings in Resources */ = {isa = PBXBuildFile; fileRef = A581C38718E60CCA002A9862 /* InfoPlist.strings */; };
		A581C38B18E60CCA002A9862 /* main.m in Sources */ = {isa = PBXBuildFile; fileRef = A581C38A18E60CCA002A9862 /* main.m */; };
		A581C38F18E60CCA002A9862 /* TBTAppDelegate.m in Sources */ = {isa = PBXBuildFile; fileRef = A581C38E18E60CCA002A9862 /* TBTAppDelegate.m */; };
		A581C39218E60CCA002A9862 /* Main.storyboard in Resources */ = {isa = PBXBuildFile; fileRef = A581C39018E60CCA002A9862 /* Main.storyboard */; };
		A581C39518E60CCA002A9862 /* TBTFirstViewController.m in Sources */ = {isa = PBXBuildFile; fileRef = A581C39418E60CCA002A9862 /* TBTFirstViewController.m */; };
		A581C39818E60CCA002A9862 /* TBTSecondViewController.m in Sources */ = {isa = PBXBuildFile; fileRef = A581C39718E60CCA002A9862 /* TBTSecondViewController.m */; };
		A581C39A18E60CCA002A9862 /* Images.xcassets in Resources */ = {isa = PBXBuildFile; fileRef = A581C39918E60CCA002A9862 /* Images.xcassets */; };
		A581C3A118E60CCA002A9862 /* XCTest.framework in Frameworks */ = {isa = PBXBuildFile; fileRef = A581C3A018E60CCA002A9862 /* XCTest.framework */; };
		A581C3A218E60CCA002A9862 /* Foundation.framework in Frameworks */ = {isa = PBXBuildFile; fileRef = A581C37E18E60CCA002A9862 /* Foundation.framework */; };
		A581C3A318E60CCA002A9862 /* UIKit.framework in Frameworks */ = {isa = PBXBuildFile; fileRef = A581C38218E60CCA002A9862 /* UIKit.framework */; };
		A581C3AB18E60CCA002A9862 /* InfoPlist.strings in Resources */ = {isa = PBXBuildFile; fileRef = A581C3A918E60CCA002A9862 /* InfoPlist.strings */; };
		A581C3AD18E60CCA002A9862 /* TabathaTests.m in Sources */ = {isa = PBXBuildFile; fileRef = A581C3AC18E60CCA002A9862 /* TabathaTests.m */; };
/* End PBXBuildFile section */

/* Begin PBXContainerItemProxy section */
		A581C3A418E60CCA002A9862 /* PBXContainerItemProxy */ = {
			isa = PBXContainerItemProxy;
			containerPortal = A581C37318E60CCA002A9862 /* Project object */;
			proxyType = 1;
			remoteGlobalIDString = A581C37A18E60CCA002A9862;
			remoteInfo = Tabatha;
		};
/* End PBXContainerItemProxy section */

/* Begin PBXFileReference section */
		A581C37B18E60CCA002A9862 /* Tabatha.app */ = {isa = PBXFileReference; explicitFileType = wrapper.application; includeInIndex = 0; path = Tabatha.app; sourceTree = BUILT_PRODUCTS_DIR; };
		A581C37E18E60CCA002A9862 /* Foundation.framework */ = {isa = PBXFileReference; lastKnownFileType = wrapper.framework; name = Foundation.framework; path = System/Library/Frameworks/Foundation.framework; sourceTree = SDKROOT; };
		A581C38018E60CCA002A9862 /* CoreGraphics.framework */ = {isa = PBXFileReference; lastKnownFileType = wrapper.framework; name = CoreGraphics.framework; path = System/Library/Frameworks/CoreGraphics.framework; sourceTree = SDKROOT; };
		A581C38218E60CCA002A9862 /* UIKit.framework */ = {isa = PBXFileReference; lastKnownFileType = wrapper.framework; name = UIKit.framework; path = System/Library/Frameworks/UIKit.framework; sourceTree = SDKROOT; };
		A581C38618E60CCA002A9862 /* Tabatha-Info.plist */ = {isa = PBXFileReference; lastKnownFileType = text.plist.xml; path = "Tabatha-Info.plist"; sourceTree = "<group>"; };
		A581C38818E60CCA002A9862 /* en */ = {isa = PBXFileReference; lastKnownFileType = text.plist.strings; name = en; path = en.lproj/InfoPlist.strings; sourceTree = "<group>"; };
		A581C38A18E60CCA002A9862 /* main.m */ = {isa = PBXFileReference; lastKnownFileType = sourcecode.c.objc; path = main.m; sourceTree = "<group>"; };
		A581C38C18E60CCA002A9862 /* Tabatha-Prefix.pch */ = {isa = PBXFileReference; lastKnownFileType = sourcecode.c.h; path = "Tabatha-Prefix.pch"; sourceTree = "<group>"; };
		A581C38D18E60CCA002A9862 /* TBTAppDelegate.h */ = {isa = PBXFileReference; lastKnownFileType = sourcecode.c.h; path = TBTAppDelegate.h; sourceTree = "<group>"; };
		A581C38E18E60CCA002A9862 /* TBTAppDelegate.m */ = {isa = PBXFileReference; lastKnownFileType = sourcecode.c.objc; path = TBTAppDelegate.m; sourceTree = "<group>"; };
		A581C39118E60CCA002A9862 /* Base */ = {isa = PBXFileReference; lastKnownFileType = file.storyboard; name = Base; path = Base.lproj/Main.storyboard; sourceTree = "<group>"; };
		A581C39318E60CCA002A9862 /* TBTFirstViewController.h */ = {isa = PBXFileReference; lastKnownFileType = sourcecode.c.h; path = TBTFirstViewController.h; sourceTree = "<group>"; };
		A581C39418E60CCA002A9862 /* TBTFirstViewController.m */ = {isa = PBXFileReference; lastKnownFileType = sourcecode.c.objc; path = TBTFirstViewController.m; sourceTree = "<group>"; };
		A581C39618E60CCA002A9862 /* TBTSecondViewController.h */ = {isa = PBXFileReference; lastKnownFileType = sourcecode.c.h; path = TBTSecondViewController.h; sourceTree = "<group>"; };
		A581C39718E60CCA002A9862 /* TBTSecondViewController.m */ = {isa = PBXFileReference; lastKnownFileType = sourcecode.c.objc; path = TBTSecondViewController.m; sourceTree = "<group>"; };
		A581C39918E60CCA002A9862 /* Images.xcassets */ = {isa = PBXFileReference; lastKnownFileType = folder.assetcatalog; path = Images.xcassets; sourceTree = "<group>"; };
		A581C39F18E60CCA002A9862 /* TabathaTests.xctest */ = {isa = PBXFileReference; explicitFileType = wrapper.cfbundle; includeInIndex = 0; path = TabathaTests.xctest; sourceTree = BUILT_PRODUCTS_DIR; };
		A581C3A018E60CCA002A9862 /* XCTest.framework */ = {isa = PBXFileReference; lastKnownFileType = wrapper.framework; name = XCTest.framework; path = Library/Frameworks/XCTest.framework; sourceTree = DEVELOPER_DIR; };
		A581C3A818E60CCA002A9862 /* TabathaTests-Info.plist */ = {isa = PBXFileReference; lastKnownFileType = text.plist.xml; path = "TabathaTests-Info.plist"; sourceTree = "<group>"; };
		A581C3AA18E60CCA002A9862 /* en */ = {isa = PBXFileReference; lastKnownFileType = text.plist.strings; name = en; path = en.lproj/InfoPlist.strings; sourceTree = "<group>"; };
		A581C3AC18E60CCA002A9862 /* TabathaTests.m */ = {isa = PBXFileReference; lastKnownFileType = sourcecode.c.objc; path = TabathaTests.m; sourceTree = "<group>"; };
/* End PBXFileReference section */

/* Begin PBXFrameworksBuildPhase section */
		A581C37818E60CCA002A9862 /* Frameworks */ = {
			isa = PBXFrameworksBuildPhase;
			buildActionMask = 2147483647;
			files = (
				A581C38118E60CCA002A9862 /* CoreGraphics.framework in Frameworks */,
				A581C38318E60CCA002A9862 /* UIKit.framework in Frameworks */,
				A581C37F18E60CCA002A9862 /* Foundation.framework in Frameworks */,
			);
			runOnlyForDeploymentPostprocessing = 0;
		};
		A581C39C18E60CCA002A9862 /* Frameworks */ = {
			isa = PBXFrameworksBuildPhase;
			buildActionMask = 2147483647;
			files = (
				A581C3A118E60CCA002A9862 /* XCTest.framework in Frameworks */,
				A581C3A318E60CCA002A9862 /* UIKit.framework in Frameworks */,
				A581C3A218E60CCA002A9862 /* Foundation.framework in Frameworks */,
			);
			runOnlyForDeploymentPostprocessing = 0;
		};
/* End PBXFrameworksBuildPhase section */

/* Begin PBXGroup section */
		A581C37218E60CCA002A9862 = {
			isa = PBXGroup;
			children = (
				A581C38418E60CCA002A9862 /* Tabatha */,
				A581C3A618E60CCA002A9862 /* TabathaTests */,
				A581C37D18E60CCA002A9862 /* Frameworks */,
				A581C37C18E60CCA002A9862 /* Products */,
			);
			sourceTree = "<group>";
		};
		A581C37C18E60CCA002A9862 /* Products */ = {
			isa = PBXGroup;
			children = (
				A581C37B18E60CCA002A9862 /* Tabatha.app */,
				A581C39F18E60CCA002A9862 /* TabathaTests.xctest */,
			);
			name = Products;
			sourceTree = "<group>";
		};
		A581C37D18E60CCA002A9862 /* Frameworks */ = {
			isa = PBXGroup;
			children = (
				A581C37E18E60CCA002A9862 /* Foundation.framework */,
				A581C38018E60CCA002A9862 /* CoreGraphics.framework */,
				A581C38218E60CCA002A9862 /* UIKit.framework */,
				A581C3A018E60CCA002A9862 /* XCTest.framework */,
			);
			name = Frameworks;
			sourceTree = "<group>";
		};
		A581C38418E60CCA002A9862 /* Tabatha */ = {
			isa = PBXGroup;
			children = (
				A581C38D18E60CCA002A9862 /* TBTAppDelegate.h */,
				A581C38E18E60CCA002A9862 /* TBTAppDelegate.m */,
				A581C39018E60CCA002A9862 /* Main.storyboard */,
				A581C39318E60CCA002A9862 /* TBTFirstViewController.h */,
				A581C39418E60CCA002A9862 /* TBTFirstViewController.m */,
				A581C39618E60CCA002A9862 /* TBTSecondViewController.h */,
				A581C39718E60CCA002A9862 /* TBTSecondViewController.m */,
				A581C39918E60CCA002A9862 /* Images.xcassets */,
				A581C38518E60CCA002A9862 /* Supporting Files */,
			);
			path = Tabatha;
			sourceTree = "<group>";
		};
		A581C38518E60CCA002A9862 /* Supporting Files */ = {
			isa = PBXGroup;
			children = (
				A581C38618E60CCA002A9862 /* Tabatha-Info.plist */,
				A581C38718E60CCA002A9862 /* InfoPlist.strings */,
				A581C38A18E60CCA002A9862 /* main.m */,
				A581C38C18E60CCA002A9862 /* Tabatha-Prefix.pch */,
			);
			name = "Supporting Files";
			sourceTree = "<group>";
		};
		A581C3A618E60CCA002A9862 /* TabathaTests */ = {
			isa = PBXGroup;
			children = (
				A581C3AC18E60CCA002A9862 /* TabathaTests.m */,
				A581C3A718E60CCA002A9862 /* Supporting Files */,
			);
			path = TabathaTests;
			sourceTree = "<group>";
		};
		A581C3A718E60CCA002A9862 /* Supporting Files */ = {
			isa = PBXGroup;
			children = (
				A581C3A818E60CCA002A9862 /* TabathaTests-Info.plist */,
				A581C3A918E60CCA002A9862 /* InfoPlist.strings */,
			);
			name = "Supporting Files";
			sourceTree = "<group>";
		};
/* End PBXGroup section */

/* Begin PBXNativeTarget section */
		A581C37A18E60CCA002A9862 /* Tabatha */ = {
			isa = PBXNativeTarget;
			buildConfigurationList = A581C3B018E60CCA002A9862 /* Build configuration list for PBXNativeTarget "Tabatha" */;
			buildPhases = (
				A581C37718E60CCA002A9862 /* Sources */,
				A581C37818E60CCA002A9862 /* Frameworks */,
				A581C37918E60CCA002A9862 /* Resources */,
			);
			buildRules = (
			);
			dependencies = (
			);
			name = Tabatha;
			productName = Tabatha;
			productReference = A581C37B18E60CCA002A9862 /* Tabatha.app */;
			productType = "com.apple.product-type.application";
		};
		A581C39E18E60CCA002A9862 /* TabathaTests */ = {
			isa = PBXNativeTarget;
			buildConfigurationList = A581C3B318E60CCA002A9862 /* Build configuration list for PBXNativeTarget "TabathaTests" */;
			buildPhases = (
				A581C39B18E60CCA002A9862 /* Sources */,
				A581C39C18E60CCA002A9862 /* Frameworks */,
				A581C39D18E60CCA002A9862 /* Resources */,
			);
			buildRules = (
			);
			dependencies = (
				A581C3A518E60CCA002A9862 /* PBXTargetDependency */,
			);
			name = TabathaTests;
			productName = TabathaTests;
			productReference = A581C39F18E60CCA002A9862 /* TabathaTests.xctest */;
			productType = "com.apple.product-type.bundle.unit-test";
		};
/* End PBXNativeTarget section */

/* Begin PBXProject section */
		A581C37318E60CCA002A9862 /* Project object */ = {
			isa = PBXProject;
			attributes = {
				CLASSPREFIX = TBT;
				LastUpgradeCheck = 0510;
				ORGANIZATIONNAME = mxtte;
				TargetAttributes = {
					A581C39E18E60CCA002A9862 = {
						TestTargetID = A581C37A18E60CCA002A9862;
					};
				};
			};
			buildConfigurationList = A581C37618E60CCA002A9862 /* Build configuration list for PBXProject "Tabatha" */;
			compatibilityVersion = "Xcode 3.2";
			developmentRegion = English;
			hasScannedForEncodings = 0;
			knownRegions = (
				en,
				Base,
			);
			mainGroup = A581C37218E60CCA002A9862;
			productRefGroup = A581C37C18E60CCA002A9862 /* Products */;
			projectDirPath = "";
			projectRoot = "";
			targets = (
				A581C37A18E60CCA002A9862 /* Tabatha */,
				A581C39E18E60CCA002A9862 /* TabathaTests */,
			);
		};
/* End PBXProject section */

/* Begin PBXResourcesBuildPhase section */
		A581C37918E60CCA002A9862 /* Resources */ = {
			isa = PBXResourcesBuildPhase;
			buildActionMask = 2147483647;
			files = (
				A581C39A18E60CCA002A9862 /* Images.xcassets in Resources */,
				A581C38918E60CCA002A9862 /* InfoPlist.strings in Resources */,
				A581C39218E60CCA002A9862 /* Main.storyboard in Resources */,
			);
			runOnlyForDeploymentPostprocessing = 0;
		};
		A581C39D18E60CCA002A9862 /* Resources */ = {
			isa = PBXResourcesBuildPhase;
			buildActionMask = 2147483647;
			files = (
				A581C3AB18E60CCA002A9862 /* InfoPlist.strings in Resources */,
			);
			runOnlyForDeploymentPostprocessing = 0;
		};
/* End PBXResourcesBuildPhase section */

/* Begin PBXSourcesBuildPhase section */
		A581C37718E60CCA002A9862 /* Sources */ = {
			isa = PBXSourcesBuildPhase;
			buildActionMask = 2147483647;
			files = (
				A581C38B18E60CCA002A9862 /* main.m in Sources */,
				A581C39818E60CCA002A9862 /* TBTSecondViewController.m in Sources */,
				A581C39518E60CCA002A9862 /* TBTFirstViewController.m in Sources */,
				A581C38F18E60CCA002A9862 /* TBTAppDelegate.m in Sources */,
			);
			runOnlyForDeploymentPostprocessing = 0;
		};
		A581C39B18E60CCA002A9862 /* Sources */ = {
			isa = PBXSourcesBuildPhase;
			buildActionMask = 2147483647;
			files = (
				A581C3AD18E60CCA002A9862 /* TabathaTests.m in Sources */,
			);
			runOnlyForDeploymentPostprocessing = 0;
		};
/* End PBXSourcesBuildPhase section */

/* Begin PBXTargetDependency section */
		A581C3A518E60CCA002A9862 /* PBXTargetDependency */ = {
			isa = PBXTargetDependency;
			target = A581C37A18E60CCA002A9862 /* Tabatha */;
			targetProxy = A581C3A418E60CCA002A9862 /* PBXContainerItemProxy */;
		};
/* End PBXTargetDependency section */

/* Begin PBXVariantGroup section */
		A581C38718E60CCA002A9862 /* InfoPlist.strings */ = {
			isa = PBXVariantGroup;
			children = (
				A581C38818E60CCA002A9862 /* en */,
			);
			name = InfoPlist.strings;
			sourceTree = "<group>";
		};
		A581C39018E60CCA002A9862 /* Main.storyboard */ = {
			isa = PBXVariantGroup;
			children = (
				A581C39118E60CCA002A9862 /* Base */,
			);
			name = Main.storyboard;
			sourceTree = "<group>";
		};
		A581C3A918E60CCA002A9862 /* InfoPlist.strings */ = {
			isa = PBXVariantGroup;
			children = (
				A581C3AA18E60CCA002A9862 /* en */,
			);
			name = InfoPlist.strings;
			sourceTree = "<group>";
		};
/* End PBXVariantGroup section */

/* Begin XCBuildConfiguration section */
		A581C3AE18E60CCA002A9862 /* Debug */ = {
			isa = XCBuildConfiguration;
			buildSettings = {
				ALWAYS_SEARCH_USER_PATHS = NO;
				CLANG_CXX_LANGUAGE_STANDARD = "gnu++0x";
				CLANG_CXX_LIBRARY = "libc++";
				CLANG_ENABLE_MODULES = YES;
				CLANG_ENABLE_OBJC_ARC = YES;
				CLANG_WARN_BOOL_CONVERSION = YES;
				CLANG_WARN_CONSTANT_CONVERSION = YES;
				CLANG_WARN_DIRECT_OBJC_ISA_USAGE = YES_ERROR;
				CLANG_WARN_EMPTY_BODY = YES;
				CLANG_WARN_ENUM_CONVERSION = YES;
				CLANG_WARN_INT_CONVERSION = YES;
				CLANG_WARN_OBJC_ROOT_CLASS = YES_ERROR;
				CLANG_WARN__DUPLICATE_METHOD_MATCH = YES;
				"CODE_SIGN_IDENTITY[sdk=iphoneos*]" = "iPhone Developer";
				COPY_PHASE_STRIP = NO;
				GCC_C_LANGUAGE_STANDARD = gnu99;
				GCC_DYNAMIC_NO_PIC = NO;
				GCC_OPTIMIZATION_LEVEL = 0;
				GCC_PREPROCESSOR_DEFINITIONS = (
					"DEBUG=1",
					"$(inherited)",
				);
				GCC_SYMBOLS_PRIVATE_EXTERN = NO;
				GCC_WARN_64_TO_32_BIT_CONVERSION = YES;
				GCC_WARN_ABOUT_RETURN_TYPE = YES_ERROR;
				GCC_WARN_UNDECLARED_SELECTOR = YES;
				GCC_WARN_UNINITIALIZED_AUTOS = YES_AGGRESSIVE;
				GCC_WARN_UNUSED_FUNCTION = YES;
				GCC_WARN_UNUSED_VARIABLE = YES;
				IPHONEOS_DEPLOYMENT_TARGET = 7.1;
				ONLY_ACTIVE_ARCH = YES;
				SDKROOT = iphoneos;
			};
			name = Debug;
		};
		A581C3AF18E60CCA002A9862 /* Release */ = {
			isa = XCBuildConfiguration;
			buildSettings = {
				ALWAYS_SEARCH_USER_PATHS = NO;
				CLANG_CXX_LANGUAGE_STANDARD = "gnu++0x";
				CLANG_CXX_LIBRARY = "libc++";
				CLANG_ENABLE_MODULES = YES;
				CLANG_ENABLE_OBJC_ARC = YES;
				CLANG_WARN_BOOL_CONVERSION = YES;
				CLANG_WARN_CONSTANT_CONVERSION = YES;
				CLANG_WARN_DIRECT_OBJC_ISA_USAGE = YES_ERROR;
				CLANG_WARN_EMPTY_BODY = YES;
				CLANG_WARN_ENUM_CONVERSION = YES;
				CLANG_WARN_INT_CONVERSION = YES;
				CLANG_WARN_OBJC_ROOT_CLASS = YES_ERROR;
				CLANG_WARN__DUPLICATE_METHOD_MATCH = YES;
				"CODE_SIGN_IDENTITY[sdk=iphoneos*]" = "iPhone Developer";
				COPY_PHASE_STRIP = YES;
				ENABLE_NS_ASSERTIONS = NO;
				GCC_C_LANGUAGE_STANDARD = gnu99;
				GCC_WARN_64_TO_32_BIT_CONVERSION = YES;
				GCC_WARN_ABOUT_RETURN_TYPE = YES_ERROR;
				GCC_WARN_UNDECLARED_SELECTOR = YES;
				GCC_WARN_UNINITIALIZED_AUTOS = YES_AGGRESSIVE;
				GCC_WARN_UNUSED_FUNCTION = YES;
				GCC_WARN_UNUSED_VARIABLE = YES;
				IPHONEOS_DEPLOYMENT_TARGET = 7.1;
				SDKROOT = iphoneos;
				VALIDATE_PRODUCT = YES;
			};
			name = Release;
		};
		A581C3B118E60CCA002A9862 /* Debug */ = {
			isa = XCBuildConfiguration;
			buildSettings = {
				ASSETCATALOG_COMPILER_APPICON_NAME = AppIcon;
				ASSETCATALOG_COMPILER_LAUNCHIMAGE_NAME = LaunchImage;
				GCC_PRECOMPILE_PREFIX_HEADER = YES;
				GCC_PREFIX_HEADER = "Tabatha/Tabatha-Prefix.pch";
				INFOPLIST_FILE = "Tabatha/Tabatha-Info.plist";
				PRODUCT_NAME = "$(TARGET_NAME)";
				WRAPPER_EXTENSION = app;
			};
			name = Debug;
		};
		A581C3B218E60CCA002A9862 /* Release */ = {
			isa = XCBuildConfiguration;
			buildSettings = {
				ASSETCATALOG_COMPILER_APPICON_NAME = AppIcon;
				ASSETCATALOG_COMPILER_LAUNCHIMAGE_NAME = LaunchImage;
				GCC_PRECOMPILE_PREFIX_HEADER = YES;
				GCC_PREFIX_HEADER = "Tabatha/Tabatha-Prefix.pch";
				INFOPLIST_FILE = "Tabatha/Tabatha-Info.plist";
				PRODUCT_NAME = "$(TARGET_NAME)";
				WRAPPER_EXTENSION = app;
			};
			name = Release;
		};
		A581C3B418E60CCA002A9862 /* Debug */ = {
			isa = XCBuildConfiguration;
			buildSettings = {
				BUNDLE_LOADER = "$(BUILT_PRODUCTS_DIR)/Tabatha.app/Tabatha";
				FRAMEWORK_SEARCH_PATHS = (
					"$(SDKROOT)/Developer/Library/Frameworks",
					"$(inherited)",
					"$(DEVELOPER_FRAMEWORKS_DIR)",
				);
				GCC_PRECOMPILE_PREFIX_HEADER = YES;
				GCC_PREFIX_HEADER = "Tabatha/Tabatha-Prefix.pch";
				GCC_PREPROCESSOR_DEFINITIONS = (
					"DEBUG=1",
					"$(inherited)",
				);
				INFOPLIST_FILE = "TabathaTests/TabathaTests-Info.plist";
				PRODUCT_NAME = "$(TARGET_NAME)";
				TEST_HOST = "$(BUNDLE_LOADER)";
				WRAPPER_EXTENSION = xctest;
			};
			name = Debug;
		};
		A581C3B518E60CCA002A9862 /* Release */ = {
			isa = XCBuildConfiguration;
			buildSettings = {
				BUNDLE_LOADER = "$(BUILT_PRODUCTS_DIR)/Tabatha.app/Tabatha";
				FRAMEWORK_SEARCH_PATHS = (
					"$(SDKROOT)/Developer/Library/Frameworks",
					"$(inherited)",
					"$(DEVELOPER_FRAMEWORKS_DIR)",
				);
				GCC_PRECOMPILE_PREFIX_HEADER = YES;
				GCC_PREFIX_HEADER = "Tabatha/Tabatha-Prefix.pch";
				INFOPLIST_FILE = "TabathaTests/TabathaTests-Info.plist";
				PRODUCT_NAME = "$(TARGET_NAME)";
				TEST_HOST = "$(BUNDLE_LOADER)";
				WRAPPER_EXTENSION = xctest;
			};
			name = Release;
		};
/* End XCBuildConfiguration section */

/* Begin XCConfigurationList section */
		A581C37618E60CCA002A9862 /* Build configuration list for PBXProject "Tabatha" */ = {
			isa = XCConfigurationList;
			buildConfigurations = (
				A581C3AE18E60CCA002A9862 /* Debug */,
				A581C3AF18E60CCA002A9862 /* Release */,
			);
			defaultConfigurationIsVisible = 0;
			defaultConfigurationName = Release;
		};
		A581C3B018E60CCA002A9862 /* Build configuration list for PBXNativeTarget "Tabatha" */ = {
			isa = XCConfigurationList;
			buildConfigurations = (
				A581C3B118E60CCA002A9862 /* Debug */,
				A581C3B218E60CCA002A9862 /* Release */,
			);
			defaultConfigurationIsVisible = 0;
		};
		A581C3B318E60CCA002A9862 /* Build configuration list for PBXNativeTarget "TabathaTests" */ = {
			isa = XCConfigurationList;
			buildConfigurations = (
				A581C3B418E60CCA002A9862 /* Debug */,
				A581C3B518E60CCA002A9862 /* Release */,
			);
			defaultConfigurationIsVisible = 0;
		};
/* End XCConfigurationList section */
	};
	rootObject = A581C37318E60CCA002A9862 /* Project object */;
}
